
Microsoft Visual Studio Solution File, Format Version 12.00
# Visual Studio Version 16
VisualStudioVersion = 16.0.30320.27
MinimumVisualStudioVersion = 10.0.40219.1
Project("{FAE04EC0-301F-11D3-BF4B-00C04F79EFBC}") = "08072020ValidatingInput", "08072020ValidatingInput.csproj", "{7E4E17FC-6FCE-4ED2-AAAC-58DD4F7B03FE}"
EndProject
Global
	GlobalSection(SolutionConfigurationPlatforms) = preSolution
		Debug|Any CPU = Debug|Any CPU
		Release|Any CPU = Release|Any CPU
	EndGlobalSection
	GlobalSection(ProjectConfigurationPlatforms) = postSolution
		{7E4E17FC-6FCE-4ED2-AAAC-58DD4F7B03FE}.Debug|Any CPU.ActiveCfg = Debug|Any CPU
		{7E4E17FC-6FCE-4ED2-AAAC-58DD4F7B03FE}.Debug|Any CPU.Build.0 = Debug|Any CPU
		{7E4E17FC-6FCE-4ED2-AAAC-58DD4F7B03FE}.Release|Any CPU.ActiveCfg = Release|Any CPU
		{7E4E17FC-6FCE-4ED2-AAAC-58DD4F7B03FE}.Release|Any CPU.Build.0 = Release|Any CPU
	EndGlobalSection
	GlobalSection(SolutionProperties) = preSolution
		HideSolutionNode = FALSE
	EndGlobalSection
	GlobalSection(ExtensibilityGlobals) = postSolution
		SolutionGuid = {49E4429F-56D4-4F37-AC0F-89F575EA193F}
	EndGlobalSection
EndGlobal
